// !$*UTF8*$!
{
	archiveVersion = 1;
	classes = {
	};
	objectVersion = 77;
	objects = {

/* Begin PBXBuildFile section */
		3F8567A72DC0C81500DA5AE2 /* FirebaseAnalytics in Frameworks */ = {isa = PBXBuildFile; productRef = 3F8567A62DC0C81500DA5AE2 /* FirebaseAnalytics */; };
		3F8567A92DC0C81500DA5AE2 /* FirebaseAnalyticsOnDeviceConversion in Frameworks */ = {isa = PBXBuildFile; productRef = 3F8567A82DC0C81500DA5AE2 /* FirebaseAnalyticsOnDeviceConversion */; };
		3F8567AB2DC0C81500DA5AE2 /* FirebaseAnalyticsWithoutAdIdSupport in Frameworks */ = {isa = PBXBuildFile; productRef = 3F8567AA2DC0C81500DA5AE2 /* FirebaseAnalyticsWithoutAdIdSupport */; };
		3F8567AD2DC0C81500DA5AE2 /* FirebaseAppCheck in Frameworks */ = {isa = PBXBuildFile; productRef = 3F8567AC2DC0C81500DA5AE2 /* FirebaseAppCheck */; };
		3F8567AF2DC0C81500DA5AE2 /* FirebaseAppDistribution-Beta in Frameworks */ = {isa = PBXBuildFile; productRef = 3F8567AE2DC0C81500DA5AE2 /* FirebaseAppDistribution-Beta */; };
		3F8567B12DC0C81500DA5AE2 /* FirebaseAuth in Frameworks */ = {isa = PBXBuildFile; productRef = 3F8567B02DC0C81500DA5AE2 /* FirebaseAuth */; };
		3F8567B32DC0C81500DA5AE2 /* FirebaseAuthCombine-Community in Frameworks */ = {isa = PBXBuildFile; productRef = 3F8567B22DC0C81500DA5AE2 /* FirebaseAuthCombine-Community */; };
		3F8567B52DC0C81500DA5AE2 /* FirebaseCore in Frameworks */ = {isa = PBXBuildFile; productRef = 3F8567B42DC0C81500DA5AE2 /* FirebaseCore */; };
		3F8567B72DC0C81500DA5AE2 /* FirebaseCrashlytics in Frameworks */ = {isa = PBXBuildFile; productRef = 3F8567B62DC0C81500DA5AE2 /* FirebaseCrashlytics */; };
		3F8567B92DC0C81500DA5AE2 /* FirebaseDatabase in Frameworks */ = {isa = PBXBuildFile; productRef = 3F8567B82DC0C81500DA5AE2 /* FirebaseDatabase */; };
		3F8567BB2DC0C81500DA5AE2 /* FirebaseDynamicLinks in Frameworks */ = {isa = PBXBuildFile; productRef = 3F8567BA2DC0C81500DA5AE2 /* FirebaseDynamicLinks */; };
		3F8567BD2DC0C81500DA5AE2 /* FirebaseFirestore in Frameworks */ = {isa = PBXBuildFile; productRef = 3F8567BC2DC0C81500DA5AE2 /* FirebaseFirestore */; };
		3F8567BF2DC0C81500DA5AE2 /* FirebaseFirestoreCombine-Community in Frameworks */ = {isa = PBXBuildFile; productRef = 3F8567BE2DC0C81500DA5AE2 /* FirebaseFirestoreCombine-Community */; };
		3F8567C12DC0C81500DA5AE2 /* FirebaseFunctions in Frameworks */ = {isa = PBXBuildFile; productRef = 3F8567C02DC0C81500DA5AE2 /* FirebaseFunctions */; };
		3F8567C32DC0C81500DA5AE2 /* FirebaseFunctionsCombine-Community in Frameworks */ = {isa = PBXBuildFile; productRef = 3F8567C22DC0C81500DA5AE2 /* FirebaseFunctionsCombine-Community */; };
		3F8567C52DC0C81500DA5AE2 /* FirebaseInAppMessaging-Beta in Frameworks */ = {isa = PBXBuildFile; productRef = 3F8567C42DC0C81500DA5AE2 /* FirebaseInAppMessaging-Beta */; };
		3F8567C72DC0C81500DA5AE2 /* FirebaseInstallations in Frameworks */ = {isa = PBXBuildFile; productRef = 3F8567C62DC0C81500DA5AE2 /* FirebaseInstallations */; };
		3F8567C92DC0C81500DA5AE2 /* FirebaseMessaging in Frameworks */ = {isa = PBXBuildFile; productRef = 3F8567C82DC0C81500DA5AE2 /* FirebaseMessaging */; };
		3F8567CB2DC0C81500DA5AE2 /* FirebaseMLModelDownloader in Frameworks */ = {isa = PBXBuildFile; productRef = 3F8567CA2DC0C81500DA5AE2 /* FirebaseMLModelDownloader */; };
		3F8567CD2DC0C81500DA5AE2 /* FirebasePerformance in Frameworks */ = {isa = PBXBuildFile; productRef = 3F8567CC2DC0C81500DA5AE2 /* FirebasePerformance */; };
		3F8567CF2DC0C81500DA5AE2 /* FirebaseRemoteConfig in Frameworks */ = {isa = PBXBuildFile; productRef = 3F8567CE2DC0C81500DA5AE2 /* FirebaseRemoteConfig */; };
		3F8567D12DC0C81500DA5AE2 /* FirebaseStorage in Frameworks */ = {isa = PBXBuildFile; productRef = 3F8567D02DC0C81500DA5AE2 /* FirebaseStorage */; };
		3F8567D32DC0C81500DA5AE2 /* FirebaseStorageCombine-Community in Frameworks */ = {isa = PBXBuildFile; productRef = 3F8567D22DC0C81500DA5AE2 /* FirebaseStorageCombine-Community */; };
		3F8567D52DC0C81500DA5AE2 /* FirebaseVertexAI in Frameworks */ = {isa = PBXBuildFile; productRef = 3F8567D42DC0C81500DA5AE2 /* FirebaseVertexAI */; };
/* End PBXBuildFile section */

/* Begin PBXContainerItemProxy section */
		672679742DA04FB700E5B96F /* PBXContainerItemProxy */ = {
			isa = PBXContainerItemProxy;
			containerPortal = 6726795B2DA04FB600E5B96F /* Project object */;
			proxyType = 1;
			remoteGlobalIDString = 672679622DA04FB600E5B96F;
			remoteInfo = MediMinder;
		};
		6726797E2DA04FB700E5B96F /* PBXContainerItemProxy */ = {
			isa = PBXContainerItemProxy;
			containerPortal = 6726795B2DA04FB600E5B96F /* Project object */;
			proxyType = 1;
			remoteGlobalIDString = 672679622DA04FB600E5B96F;
			remoteInfo = MediMinder;
		};
/* End PBXContainerItemProxy section */

/* Begin PBXFileReference section */
		672679632DA04FB600E5B96F /* MediMinder.app */ = {isa = PBXFileReference; explicitFileType = wrapper.application; includeInIndex = 0; path = MediMinder.app; sourceTree = BUILT_PRODUCTS_DIR; };
		672679732DA04FB700E5B96F /* MediMinderTests.xctest */ = {isa = PBXFileReference; explicitFileType = wrapper.cfbundle; includeInIndex = 0; path = MediMinderTests.xctest; sourceTree = BUILT_PRODUCTS_DIR; };
		6726797D2DA04FB700E5B96F /* MediMinderUITests.xctest */ = {isa = PBXFileReference; explicitFileType = wrapper.cfbundle; includeInIndex = 0; path = MediMinderUITests.xctest; sourceTree = BUILT_PRODUCTS_DIR; };
/* End PBXFileReference section */

/* Begin PBXFileSystemSynchronizedRootGroup section */
		672679652DA04FB600E5B96F /* MediMinder */ = {
			isa = PBXFileSystemSynchronizedRootGroup;
			path = MediMinder;
			sourceTree = "<group>";
		};
		672679762DA04FB700E5B96F /* MediMinderTests */ = {
			isa = PBXFileSystemSynchronizedRootGroup;
			path = MediMinderTests;
			sourceTree = "<group>";
		};
		672679802DA04FB700E5B96F /* MediMinderUITests */ = {
			isa = PBXFileSystemSynchronizedRootGroup;
			path = MediMinderUITests;
			sourceTree = "<group>";
		};
/* End PBXFileSystemSynchronizedRootGroup section */

/* Begin PBXFrameworksBuildPhase section */
		672679602DA04FB600E5B96F /* Frameworks */ = {
			isa = PBXFrameworksBuildPhase;
			buildActionMask = 2147483647;
			files = (
				3F8567C92DC0C81500DA5AE2 /* FirebaseMessaging in Frameworks */,
				3F8567D52DC0C81500DA5AE2 /* FirebaseVertexAI in Frameworks */,
				3F8567BF2DC0C81500DA5AE2 /* FirebaseFirestoreCombine-Community in Frameworks */,
				3F8567CD2DC0C81500DA5AE2 /* FirebasePerformance in Frameworks */,
				3F8567D32DC0C81500DA5AE2 /* FirebaseStorageCombine-Community in Frameworks */,
				3F8567CF2DC0C81500DA5AE2 /* FirebaseRemoteConfig in Frameworks */,
				3F8567C12DC0C81500DA5AE2 /* FirebaseFunctions in Frameworks */,
				3F8567B92DC0C81500DA5AE2 /* FirebaseDatabase in Frameworks */,
				3F8567BB2DC0C81500DA5AE2 /* FirebaseDynamicLinks in Frameworks */,
				3F8567AD2DC0C81500DA5AE2 /* FirebaseAppCheck in Frameworks */,
				3F8567B12DC0C81500DA5AE2 /* FirebaseAuth in Frameworks */,
				3F8567A72DC0C81500DA5AE2 /* FirebaseAnalytics in Frameworks */,
				3F8567BD2DC0C81500DA5AE2 /* FirebaseFirestore in Frameworks */,
				3F8567C72DC0C81500DA5AE2 /* FirebaseInstallations in Frameworks */,
				3F8567C32DC0C81500DA5AE2 /* FirebaseFunctionsCombine-Community in Frameworks */,
				3F8567AF2DC0C81500DA5AE2 /* FirebaseAppDistribution-Beta in Frameworks */,
				3F8567CB2DC0C81500DA5AE2 /* FirebaseMLModelDownloader in Frameworks */,
				3F8567AB2DC0C81500DA5AE2 /* FirebaseAnalyticsWithoutAdIdSupport in Frameworks */,
				3F8567C52DC0C81500DA5AE2 /* FirebaseInAppMessaging-Beta in Frameworks */,
				3F8567B32DC0C81500DA5AE2 /* FirebaseAuthCombine-Community in Frameworks */,
				3F8567B72DC0C81500DA5AE2 /* FirebaseCrashlytics in Frameworks */,
				3F8567D12DC0C81500DA5AE2 /* FirebaseStorage in Frameworks */,
				3F8567B52DC0C81500DA5AE2 /* FirebaseCore in Frameworks */,
				3F8567A92DC0C81500DA5AE2 /* FirebaseAnalyticsOnDeviceConversion in Frameworks */,
			);
			runOnlyForDeploymentPostprocessing = 0;
		};
		672679702DA04FB700E5B96F /* Frameworks */ = {
			isa = PBXFrameworksBuildPhase;
			buildActionMask = 2147483647;
			files = (
			);
			runOnlyForDeploymentPostprocessing = 0;
		};
		6726797A2DA04FB700E5B96F /* Frameworks */ = {
			isa = PBXFrameworksBuildPhase;
			buildActionMask = 2147483647;
			files = (
			);
			runOnlyForDeploymentPostprocessing = 0;
		};
/* End PBXFrameworksBuildPhase section */

/* Begin PBXGroup section */
		3F8567A52DC0C81500DA5AE2 /* Frameworks */ = {
			isa = PBXGroup;
			children = (
			);
			name = Frameworks;
			sourceTree = "<group>";
		};
		6726795A2DA04FB600E5B96F = {
			isa = PBXGroup;
			children = (
				672679652DA04FB600E5B96F /* MediMinder */,
				672679762DA04FB700E5B96F /* MediMinderTests */,
				672679802DA04FB700E5B96F /* MediMinderUITests */,
				3F8567A52DC0C81500DA5AE2 /* Frameworks */,
				672679642DA04FB600E5B96F /* Products */,
			);
			sourceTree = "<group>";
		};
		672679642DA04FB600E5B96F /* Products */ = {
			isa = PBXGroup;
			children = (
				672679632DA04FB600E5B96F /* MediMinder.app */,
				672679732DA04FB700E5B96F /* MediMinderTests.xctest */,
				6726797D2DA04FB700E5B96F /* MediMinderUITests.xctest */,
			);
			name = Products;
			sourceTree = "<group>";
		};
/* End PBXGroup section */

/* Begin PBXNativeTarget section */
		672679622DA04FB600E5B96F /* MediMinder */ = {
			isa = PBXNativeTarget;
			buildConfigurationList = 672679872DA04FB700E5B96F /* Build configuration list for PBXNativeTarget "MediMinder" */;
			buildPhases = (
				6726795F2DA04FB600E5B96F /* Sources */,
				672679602DA04FB600E5B96F /* Frameworks */,
				672679612DA04FB600E5B96F /* Resources */,
			);
			buildRules = (
			);
			dependencies = (
			);
			fileSystemSynchronizedGroups = (
				672679652DA04FB600E5B96F /* MediMinder */,
			);
			name = MediMinder;
			packageProductDependencies = (
				3F8567A62DC0C81500DA5AE2 /* FirebaseAnalytics */,
				3F8567A82DC0C81500DA5AE2 /* FirebaseAnalyticsOnDeviceConversion */,
				3F8567AA2DC0C81500DA5AE2 /* FirebaseAnalyticsWithoutAdIdSupport */,
				3F8567AC2DC0C81500DA5AE2 /* FirebaseAppCheck */,
				3F8567AE2DC0C81500DA5AE2 /* FirebaseAppDistribution-Beta */,
				3F8567B02DC0C81500DA5AE2 /* FirebaseAuth */,
				3F8567B22DC0C81500DA5AE2 /* FirebaseAuthCombine-Community */,
				3F8567B42DC0C81500DA5AE2 /* FirebaseCore */,
				3F8567B62DC0C81500DA5AE2 /* FirebaseCrashlytics */,
				3F8567B82DC0C81500DA5AE2 /* FirebaseDatabase */,
				3F8567BA2DC0C81500DA5AE2 /* FirebaseDynamicLinks */,
				3F8567BC2DC0C81500DA5AE2 /* FirebaseFirestore */,
				3F8567BE2DC0C81500DA5AE2 /* FirebaseFirestoreCombine-Community */,
				3F8567C02DC0C81500DA5AE2 /* FirebaseFunctions */,
				3F8567C22DC0C81500DA5AE2 /* FirebaseFunctionsCombine-Community */,
				3F8567C42DC0C81500DA5AE2 /* FirebaseInAppMessaging-Beta */,
				3F8567C62DC0C81500DA5AE2 /* FirebaseInstallations */,
				3F8567C82DC0C81500DA5AE2 /* FirebaseMessaging */,
				3F8567CA2DC0C81500DA5AE2 /* FirebaseMLModelDownloader */,
				3F8567CC2DC0C81500DA5AE2 /* FirebasePerformance */,
				3F8567CE2DC0C81500DA5AE2 /* FirebaseRemoteConfig */,
				3F8567D02DC0C81500DA5AE2 /* FirebaseStorage */,
				3F8567D22DC0C81500DA5AE2 /* FirebaseStorageCombine-Community */,
				3F8567D42DC0C81500DA5AE2 /* FirebaseVertexAI */,
			);
			productName = MediMinder;
			productReference = 672679632DA04FB600E5B96F /* MediMinder.app */;
			productType = "com.apple.product-type.application";
		};
		672679722DA04FB700E5B96F /* MediMinderTests */ = {
			isa = PBXNativeTarget;
			buildConfigurationList = 6726798A2DA04FB700E5B96F /* Build configuration list for PBXNativeTarget "MediMinderTests" */;
			buildPhases = (
				6726796F2DA04FB700E5B96F /* Sources */,
				672679702DA04FB700E5B96F /* Frameworks */,
				672679712DA04FB700E5B96F /* Resources */,
			);
			buildRules = (
			);
			dependencies = (
				672679752DA04FB700E5B96F /* PBXTargetDependency */,
			);
			fileSystemSynchronizedGroups = (
				672679762DA04FB700E5B96F /* MediMinderTests */,
			);
			name = MediMinderTests;
			packageProductDependencies = (
			);
			productName = MediMinderTests;
			productReference = 672679732DA04FB700E5B96F /* MediMinderTests.xctest */;
			productType = "com.apple.product-type.bundle.unit-test";
		};
		6726797C2DA04FB700E5B96F /* MediMinderUITests */ = {
			isa = PBXNativeTarget;
			buildConfigurationList = 6726798D2DA04FB700E5B96F /* Build configuration list for PBXNativeTarget "MediMinderUITests" */;
			buildPhases = (
				672679792DA04FB700E5B96F /* Sources */,
				6726797A2DA04FB700E5B96F /* Frameworks */,
				6726797B2DA04FB700E5B96F /* Resources */,
			);
			buildRules = (
			);
			dependencies = (
				6726797F2DA04FB700E5B96F /* PBXTargetDependency */,
			);
			fileSystemSynchronizedGroups = (
				672679802DA04FB700E5B96F /* MediMinderUITests */,
			);
			name = MediMinderUITests;
			packageProductDependencies = (
			);
			productName = MediMinderUITests;
			productReference = 6726797D2DA04FB700E5B96F /* MediMinderUITests.xctest */;
			productType = "com.apple.product-type.bundle.ui-testing";
		};
/* End PBXNativeTarget section */

/* Begin PBXProject section */
		6726795B2DA04FB600E5B96F /* Project object */ = {
			isa = PBXProject;
			attributes = {
				BuildIndependentTargetsInParallel = 1;
				LastSwiftUpdateCheck = 1620;
				LastUpgradeCheck = 1620;
				TargetAttributes = {
					672679622DA04FB600E5B96F = {
						CreatedOnToolsVersion = 16.2;
					};
					672679722DA04FB700E5B96F = {
						CreatedOnToolsVersion = 16.2;
						TestTargetID = 672679622DA04FB600E5B96F;
					};
					6726797C2DA04FB700E5B96F = {
						CreatedOnToolsVersion = 16.2;
						TestTargetID = 672679622DA04FB600E5B96F;
					};
				};
			};
			buildConfigurationList = 6726795E2DA04FB600E5B96F /* Build configuration list for PBXProject "MediMinder" */;
			developmentRegion = en;
			hasScannedForEncodings = 0;
			knownRegions = (
				en,
				Base,
			);
			mainGroup = 6726795A2DA04FB600E5B96F;
			minimizedProjectReferenceProxies = 1;
			packageReferences = (
				3F8567A42DC0C7F900DA5AE2 /* XCRemoteSwiftPackageReference "firebase-ios-sdk" */,
			);
			preferredProjectObjectVersion = 77;
			productRefGroup = 672679642DA04FB600E5B96F /* Products */;
			projectDirPath = "";
			projectRoot = "";
			targets = (
				672679622DA04FB600E5B96F /* MediMinder */,
				672679722DA04FB700E5B96F /* MediMinderTests */,
				6726797C2DA04FB700E5B96F /* MediMinderUITests */,
			);
		};
/* End PBXProject section */

/* Begin PBXResourcesBuildPhase section */
		672679612DA04FB600E5B96F /* Resources */ = {
			isa = PBXResourcesBuildPhase;
			buildActionMask = 2147483647;
			files = (
			);
			runOnlyForDeploymentPostprocessing = 0;
		};
		672679712DA04FB700E5B96F /* Resources */ = {
			isa = PBXResourcesBuildPhase;
			buildActionMask = 2147483647;
			files = (
			);
			runOnlyForDeploymentPostprocessing = 0;
		};
		6726797B2DA04FB700E5B96F /* Resources */ = {
			isa = PBXResourcesBuildPhase;
			buildActionMask = 2147483647;
			files = (
			);
			runOnlyForDeploymentPostprocessing = 0;
		};
/* End PBXResourcesBuildPhase section */

/* Begin PBXSourcesBuildPhase section */
		6726795F2DA04FB600E5B96F /* Sources */ = {
			isa = PBXSourcesBuildPhase;
			buildActionMask = 2147483647;
			files = (
			);
			runOnlyForDeploymentPostprocessing = 0;
		};
		6726796F2DA04FB700E5B96F /* Sources */ = {
			isa = PBXSourcesBuildPhase;
			buildActionMask = 2147483647;
			files = (
			);
			runOnlyForDeploymentPostprocessing = 0;
		};
		672679792DA04FB700E5B96F /* Sources */ = {
			isa = PBXSourcesBuildPhase;
			buildActionMask = 2147483647;
			files = (
			);
			runOnlyForDeploymentPostprocessing = 0;
		};
/* End PBXSourcesBuildPhase section */

/* Begin PBXTargetDependency section */
		672679752DA04FB700E5B96F /* PBXTargetDependency */ = {
			isa = PBXTargetDependency;
			target = 672679622DA04FB600E5B96F /* MediMinder */;
			targetProxy = 672679742DA04FB700E5B96F /* PBXContainerItemProxy */;
		};
		6726797F2DA04FB700E5B96F /* PBXTargetDependency */ = {
			isa = PBXTargetDependency;
			target = 672679622DA04FB600E5B96F /* MediMinder */;
			targetProxy = 6726797E2DA04FB700E5B96F /* PBXContainerItemProxy */;
		};
/* End PBXTargetDependency section */

/* Begin XCBuildConfiguration section */
		672679852DA04FB700E5B96F /* Debug */ = {
			isa = XCBuildConfiguration;
			buildSettings = {
				ALWAYS_SEARCH_USER_PATHS = NO;
				ASSETCATALOG_COMPILER_GENERATE_SWIFT_ASSET_SYMBOL_EXTENSIONS = YES;
				CLANG_ANALYZER_NONNULL = YES;
				CLANG_ANALYZER_NUMBER_OBJECT_CONVERSION = YES_AGGRESSIVE;
				CLANG_CXX_LANGUAGE_STANDARD = "gnu++20";
				CLANG_ENABLE_MODULES = YES;
				CLANG_ENABLE_OBJC_ARC = YES;
				CLANG_ENABLE_OBJC_WEAK = YES;
				CLANG_WARN_BLOCK_CAPTURE_AUTORELEASING = YES;
				CLANG_WARN_BOOL_CONVERSION = YES;
				CLANG_WARN_COMMA = YES;
				CLANG_WARN_CONSTANT_CONVERSION = YES;
				CLANG_WARN_DEPRECATED_OBJC_IMPLEMENTATIONS = YES;
				CLANG_WARN_DIRECT_OBJC_ISA_USAGE = YES_ERROR;
				CLANG_WARN_DOCUMENTATION_COMMENTS = YES;
				CLANG_WARN_EMPTY_BODY = YES;
				CLANG_WARN_ENUM_CONVERSION = YES;
				CLANG_WARN_INFINITE_RECURSION = YES;
				CLANG_WARN_INT_CONVERSION = YES;
				CLANG_WARN_NON_LITERAL_NULL_CONVERSION = YES;
				CLANG_WARN_OBJC_IMPLICIT_RETAIN_SELF = YES;
				CLANG_WARN_OBJC_LITERAL_CONVERSION = YES;
				CLANG_WARN_OBJC_ROOT_CLASS = YES_ERROR;
				CLANG_WARN_QUOTED_INCLUDE_IN_FRAMEWORK_HEADER = YES;
				CLANG_WARN_RANGE_LOOP_ANALYSIS = YES;
				CLANG_WARN_STRICT_PROTOTYPES = YES;
				CLANG_WARN_SUSPICIOUS_MOVE = YES;
				CLANG_WARN_UNGUARDED_AVAILABILITY = YES_AGGRESSIVE;
				CLANG_WARN_UNREACHABLE_CODE = YES;
				CLANG_WARN__DUPLICATE_METHOD_MATCH = YES;
				COPY_PHASE_STRIP = NO;
				DEBUG_INFORMATION_FORMAT = dwarf;
				ENABLE_STRICT_OBJC_MSGSEND = YES;
				ENABLE_TESTABILITY = YES;
				ENABLE_USER_SCRIPT_SANDBOXING = YES;
				GCC_C_LANGUAGE_STANDARD = gnu17;
				GCC_DYNAMIC_NO_PIC = NO;
				GCC_NO_COMMON_BLOCKS = YES;
				GCC_OPTIMIZATION_LEVEL = 0;
				GCC_PREPROCESSOR_DEFINITIONS = (
					"DEBUG=1",
					"$(inherited)",
				);
				GCC_WARN_64_TO_32_BIT_CONVERSION = YES;
				GCC_WARN_ABOUT_RETURN_TYPE = YES_ERROR;
				GCC_WARN_UNDECLARED_SELECTOR = YES;
				GCC_WARN_UNINITIALIZED_AUTOS = YES_AGGRESSIVE;
				GCC_WARN_UNUSED_FUNCTION = YES;
				GCC_WARN_UNUSED_VARIABLE = YES;
				IPHONEOS_DEPLOYMENT_TARGET = 18.2;
				LOCALIZATION_PREFERS_STRING_CATALOGS = YES;
				MTL_ENABLE_DEBUG_INFO = INCLUDE_SOURCE;
				MTL_FAST_MATH = YES;
				ONLY_ACTIVE_ARCH = YES;
				SDKROOT = iphoneos;
				SWIFT_ACTIVE_COMPILATION_CONDITIONS = "DEBUG $(inherited)";
				SWIFT_OPTIMIZATION_LEVEL = "-Onone";
			};
			name = Debug;
		};
		672679862DA04FB700E5B96F /* Release */ = {
			isa = XCBuildConfiguration;
			buildSettings = {
				ALWAYS_SEARCH_USER_PATHS = NO;
				ASSETCATALOG_COMPILER_GENERATE_SWIFT_ASSET_SYMBOL_EXTENSIONS = YES;
				CLANG_ANALYZER_NONNULL = YES;
				CLANG_ANALYZER_NUMBER_OBJECT_CONVERSION = YES_AGGRESSIVE;
				CLANG_CXX_LANGUAGE_STANDARD = "gnu++20";
				CLANG_ENABLE_MODULES = YES;
				CLANG_ENABLE_OBJC_ARC = YES;
				CLANG_ENABLE_OBJC_WEAK = YES;
				CLANG_WARN_BLOCK_CAPTURE_AUTORELEASING = YES;
				CLANG_WARN_BOOL_CONVERSION = YES;
				CLANG_WARN_COMMA = YES;
				CLANG_WARN_CONSTANT_CONVERSION = YES;
				CLANG_WARN_DEPRECATED_OBJC_IMPLEMENTATIONS = YES;
				CLANG_WARN_DIRECT_OBJC_ISA_USAGE = YES_ERROR;
				CLANG_WARN_DOCUMENTATION_COMMENTS = YES;
				CLANG_WARN_EMPTY_BODY = YES;
				CLANG_WARN_ENUM_CONVERSION = YES;
				CLANG_WARN_INFINITE_RECURSION = YES;
				CLANG_WARN_INT_CONVERSION = YES;
				CLANG_WARN_NON_LITERAL_NULL_CONVERSION = YES;
				CLANG_WARN_OBJC_IMPLICIT_RETAIN_SELF = YES;
				CLANG_WARN_OBJC_LITERAL_CONVERSION = YES;
				CLANG_WARN_OBJC_ROOT_CLASS = YES_ERROR;
				CLANG_WARN_QUOTED_INCLUDE_IN_FRAMEWORK_HEADER = YES;
				CLANG_WARN_RANGE_LOOP_ANALYSIS = YES;
				CLANG_WARN_STRICT_PROTOTYPES = YES;
				CLANG_WARN_SUSPICIOUS_MOVE = YES;
				CLANG_WARN_UNGUARDED_AVAILABILITY = YES_AGGRESSIVE;
				CLANG_WARN_UNREACHABLE_CODE = YES;
				CLANG_WARN__DUPLICATE_METHOD_MATCH = YES;
				COPY_PHASE_STRIP = NO;
				DEBUG_INFORMATION_FORMAT = "dwarf-with-dsym";
				ENABLE_NS_ASSERTIONS = NO;
				ENABLE_STRICT_OBJC_MSGSEND = YES;
				ENABLE_USER_SCRIPT_SANDBOXING = YES;
				GCC_C_LANGUAGE_STANDARD = gnu17;
				GCC_NO_COMMON_BLOCKS = YES;
				GCC_WARN_64_TO_32_BIT_CONVERSION = YES;
				GCC_WARN_ABOUT_RETURN_TYPE = YES_ERROR;
				GCC_WARN_UNDECLARED_SELECTOR = YES;
				GCC_WARN_UNINITIALIZED_AUTOS = YES_AGGRESSIVE;
				GCC_WARN_UNUSED_FUNCTION = YES;
				GCC_WARN_UNUSED_VARIABLE = YES;
				IPHONEOS_DEPLOYMENT_TARGET = 18.2;
				LOCALIZATION_PREFERS_STRING_CATALOGS = YES;
				MTL_ENABLE_DEBUG_INFO = NO;
				MTL_FAST_MATH = YES;
				SDKROOT = iphoneos;
				SWIFT_COMPILATION_MODE = wholemodule;
				VALIDATE_PRODUCT = YES;
			};
			name = Release;
		};
		672679882DA04FB700E5B96F /* Debug */ = {
			isa = XCBuildConfiguration;
			buildSettings = {
				ASSETCATALOG_COMPILER_APPICON_NAME = AppIcon;
				ASSETCATALOG_COMPILER_GLOBAL_ACCENT_COLOR_NAME = AccentColor;
				CODE_SIGN_STYLE = Automatic;
				CURRENT_PROJECT_VERSION = 1;
				DEVELOPMENT_ASSET_PATHS = "\"MediMinder/Preview Content\"";
				ENABLE_PREVIEWS = YES;
				GENERATE_INFOPLIST_FILE = YES;
				INFOPLIST_KEY_UIApplicationSceneManifest_Generation = YES;
				INFOPLIST_KEY_UIApplicationSupportsIndirectInputEvents = YES;
				INFOPLIST_KEY_UILaunchScreen_Generation = YES;
				INFOPLIST_KEY_UISupportedInterfaceOrientations = UIInterfaceOrientationPortrait;
				INFOPLIST_KEY_UISupportedInterfaceOrientations_iPad = "UIInterfaceOrientationLandscapeLeft UIInterfaceOrientationLandscapeRight UIInterfaceOrientationPortrait UIInterfaceOrientationPortraitUpsideDown";
				LD_RUNPATH_SEARCH_PATHS = (
					"$(inherited)",
					"@executable_path/Frameworks",
				);
				MARKETING_VERSION = 1.0;
				PRODUCT_BUNDLE_IDENTIFIER = com.example.MediMinder.MediMinder;
				PRODUCT_NAME = "$(TARGET_NAME)";
				SUPPORTED_PLATFORMS = "iphoneos iphonesimulator";
				SUPPORTS_MACCATALYST = NO;
				SUPPORTS_MAC_DESIGNED_FOR_IPHONE_IPAD = NO;
				SUPPORTS_XR_DESIGNED_FOR_IPHONE_IPAD = NO;
				SWIFT_EMIT_LOC_STRINGS = YES;
				SWIFT_VERSION = 5.0;
				TARGETED_DEVICE_FAMILY = "1,2";
			};
			name = Debug;
		};
		672679892DA04FB700E5B96F /* Release */ = {
			isa = XCBuildConfiguration;
			buildSettings = {
				ASSETCATALOG_COMPILER_APPICON_NAME = AppIcon;
				ASSETCATALOG_COMPILER_GLOBAL_ACCENT_COLOR_NAME = AccentColor;
				CODE_SIGN_STYLE = Automatic;
				CURRENT_PROJECT_VERSION = 1;
				DEVELOPMENT_ASSET_PATHS = "\"MediMinder/Preview Content\"";
				ENABLE_PREVIEWS = YES;
				GENERATE_INFOPLIST_FILE = YES;
				INFOPLIST_KEY_UIApplicationSceneManifest_Generation = YES;
				INFOPLIST_KEY_UIApplicationSupportsIndirectInputEvents = YES;
				INFOPLIST_KEY_UILaunchScreen_Generation = YES;
				INFOPLIST_KEY_UISupportedInterfaceOrientations = UIInterfaceOrientationPortrait;
				INFOPLIST_KEY_UISupportedInterfaceOrientations_iPad = "UIInterfaceOrientationLandscapeLeft UIInterfaceOrientationLandscapeRight UIInterfaceOrientationPortrait UIInterfaceOrientationPortraitUpsideDown";
				LD_RUNPATH_SEARCH_PATHS = (
					"$(inherited)",
					"@executable_path/Frameworks",
				);
				MARKETING_VERSION = 1.0;
				PRODUCT_BUNDLE_IDENTIFIER = com.example.MediMinder.MediMinder;
				PRODUCT_NAME = "$(TARGET_NAME)";
				SUPPORTED_PLATFORMS = "iphoneos iphonesimulator";
				SUPPORTS_MACCATALYST = NO;
				SUPPORTS_MAC_DESIGNED_FOR_IPHONE_IPAD = NO;
				SUPPORTS_XR_DESIGNED_FOR_IPHONE_IPAD = NO;
				SWIFT_EMIT_LOC_STRINGS = YES;
				SWIFT_VERSION = 5.0;
				TARGETED_DEVICE_FAMILY = "1,2";
			};
			name = Release;
		};
		6726798B2DA04FB700E5B96F /* Debug */ = {
			isa = XCBuildConfiguration;
			buildSettings = {
				BUNDLE_LOADER = "$(TEST_HOST)";
				CODE_SIGN_STYLE = Automatic;
				CURRENT_PROJECT_VERSION = 1;
				GENERATE_INFOPLIST_FILE = YES;
				IPHONEOS_DEPLOYMENT_TARGET = 18.2;
				MARKETING_VERSION = 1.0;
				PRODUCT_BUNDLE_IDENTIFIER = com.example.MediMinder.MediMinderTests;
				PRODUCT_NAME = "$(TARGET_NAME)";
				SWIFT_EMIT_LOC_STRINGS = NO;
				SWIFT_VERSION = 5.0;
				TARGETED_DEVICE_FAMILY = "1,2";
				TEST_HOST = "$(BUILT_PRODUCTS_DIR)/MediMinder.app/$(BUNDLE_EXECUTABLE_FOLDER_PATH)/MediMinder";
			};
			name = Debug;
		};
		6726798C2DA04FB700E5B96F /* Release */ = {
			isa = XCBuildConfiguration;
			buildSettings = {
				BUNDLE_LOADER = "$(TEST_HOST)";
				CODE_SIGN_STYLE = Automatic;
				CURRENT_PROJECT_VERSION = 1;
				GENERATE_INFOPLIST_FILE = YES;
				IPHONEOS_DEPLOYMENT_TARGET = 18.2;
				MARKETING_VERSION = 1.0;
				PRODUCT_BUNDLE_IDENTIFIER = com.example.MediMinder.MediMinderTests;
				PRODUCT_NAME = "$(TARGET_NAME)";
				SWIFT_EMIT_LOC_STRINGS = NO;
				SWIFT_VERSION = 5.0;
				TARGETED_DEVICE_FAMILY = "1,2";
				TEST_HOST = "$(BUILT_PRODUCTS_DIR)/MediMinder.app/$(BUNDLE_EXECUTABLE_FOLDER_PATH)/MediMinder";
			};
			name = Release;
		};
		6726798E2DA04FB700E5B96F /* Debug */ = {
			isa = XCBuildConfiguration;
			buildSettings = {
				CODE_SIGN_STYLE = Automatic;
				CURRENT_PROJECT_VERSION = 1;
				GENERATE_INFOPLIST_FILE = YES;
				MARKETING_VERSION = 1.0;
				PRODUCT_BUNDLE_IDENTIFIER = com.example.MediMinder.MediMinderUITests;
				PRODUCT_NAME = "$(TARGET_NAME)";
				SWIFT_EMIT_LOC_STRINGS = NO;
				SWIFT_VERSION = 5.0;
				TARGETED_DEVICE_FAMILY = "1,2";
				TEST_TARGET_NAME = MediMinder;
			};
			name = Debug;
		};
		6726798F2DA04FB700E5B96F /* Release */ = {
			isa = XCBuildConfiguration;
			buildSettings = {
				CODE_SIGN_STYLE = Automatic;
				CURRENT_PROJECT_VERSION = 1;
				GENERATE_INFOPLIST_FILE = YES;
				MARKETING_VERSION = 1.0;
				PRODUCT_BUNDLE_IDENTIFIER = com.example.MediMinder.MediMinderUITests;
				PRODUCT_NAME = "$(TARGET_NAME)";
				SWIFT_EMIT_LOC_STRINGS = NO;
				SWIFT_VERSION = 5.0;
				TARGETED_DEVICE_FAMILY = "1,2";
				TEST_TARGET_NAME = MediMinder;
			};
			name = Release;
		};
/* End XCBuildConfiguration section */

/* Begin XCConfigurationList section */
		6726795E2DA04FB600E5B96F /* Build configuration list for PBXProject "MediMinder" */ = {
			isa = XCConfigurationList;
			buildConfigurations = (
				672679852DA04FB700E5B96F /* Debug */,
				672679862DA04FB700E5B96F /* Release */,
			);
			defaultConfigurationIsVisible = 0;
			defaultConfigurationName = Release;
		};
		672679872DA04FB700E5B96F /* Build configuration list for PBXNativeTarget "MediMinder" */ = {
			isa = XCConfigurationList;
			buildConfigurations = (
				672679882DA04FB700E5B96F /* Debug */,
				672679892DA04FB700E5B96F /* Release */,
			);
			defaultConfigurationIsVisible = 0;
			defaultConfigurationName = Release;
		};
		6726798A2DA04FB700E5B96F /* Build configuration list for PBXNativeTarget "MediMinderTests" */ = {
			isa = XCConfigurationList;
			buildConfigurations = (
				6726798B2DA04FB700E5B96F /* Debug */,
				6726798C2DA04FB700E5B96F /* Release */,
			);
			defaultConfigurationIsVisible = 0;
			defaultConfigurationName = Release;
		};
		6726798D2DA04FB700E5B96F /* Build configuration list for PBXNativeTarget "MediMinderUITests" */ = {
			isa = XCConfigurationList;
			buildConfigurations = (
				6726798E2DA04FB700E5B96F /* Debug */,
				6726798F2DA04FB700E5B96F /* Release */,
			);
			defaultConfigurationIsVisible = 0;
			defaultConfigurationName = Release;
		};
/* End XCConfigurationList section */

/* Begin XCRemoteSwiftPackageReference section */
		3F8567A42DC0C7F900DA5AE2 /* XCRemoteSwiftPackageReference "firebase-ios-sdk" */ = {
			isa = XCRemoteSwiftPackageReference;
			repositoryURL = "https://github.com/firebase/firebase-ios-sdk";
			requirement = {
				kind = upToNextMajorVersion;
				minimumVersion = 11.12.0;
			};
		};
/* End XCRemoteSwiftPackageReference section */

/* Begin XCSwiftPackageProductDependency section */
		3F8567A62DC0C81500DA5AE2 /* FirebaseAnalytics */ = {
			isa = XCSwiftPackageProductDependency;
			package = 3F8567A42DC0C7F900DA5AE2 /* XCRemoteSwiftPackageReference "firebase-ios-sdk" */;
			productName = FirebaseAnalytics;
		};
		3F8567A82DC0C81500DA5AE2 /* FirebaseAnalyticsOnDeviceConversion */ = {
			isa = XCSwiftPackageProductDependency;
			package = 3F8567A42DC0C7F900DA5AE2 /* XCRemoteSwiftPackageReference "firebase-ios-sdk" */;
			productName = FirebaseAnalyticsOnDeviceConversion;
		};
		3F8567AA2DC0C81500DA5AE2 /* FirebaseAnalyticsWithoutAdIdSupport */ = {
			isa = XCSwiftPackageProductDependency;
			package = 3F8567A42DC0C7F900DA5AE2 /* XCRemoteSwiftPackageReference "firebase-ios-sdk" */;
			productName = FirebaseAnalyticsWithoutAdIdSupport;
		};
		3F8567AC2DC0C81500DA5AE2 /* FirebaseAppCheck */ = {
			isa = XCSwiftPackageProductDependency;
			package = 3F8567A42DC0C7F900DA5AE2 /* XCRemoteSwiftPackageReference "firebase-ios-sdk" */;
			productName = FirebaseAppCheck;
		};
		3F8567AE2DC0C81500DA5AE2 /* FirebaseAppDistribution-Beta */ = {
			isa = XCSwiftPackageProductDependency;
			package = 3F8567A42DC0C7F900DA5AE2 /* XCRemoteSwiftPackageReference "firebase-ios-sdk" */;
			productName = "FirebaseAppDistribution-Beta";
		};
		3F8567B02DC0C81500DA5AE2 /* FirebaseAuth */ = {
			isa = XCSwiftPackageProductDependency;
			package = 3F8567A42DC0C7F900DA5AE2 /* XCRemoteSwiftPackageReference "firebase-ios-sdk" */;
			productName = FirebaseAuth;
		};
		3F8567B22DC0C81500DA5AE2 /* FirebaseAuthCombine-Community */ = {
			isa = XCSwiftPackageProductDependency;
			package = 3F8567A42DC0C7F900DA5AE2 /* XCRemoteSwiftPackageReference "firebase-ios-sdk" */;
			productName = "FirebaseAuthCombine-Community";
		};
		3F8567B42DC0C81500DA5AE2 /* FirebaseCore */ = {
			isa = XCSwiftPackageProductDependency;
			package = 3F8567A42DC0C7F900DA5AE2 /* XCRemoteSwiftPackageReference "firebase-ios-sdk" */;
			productName = FirebaseCore;
		};
		3F8567B62DC0C81500DA5AE2 /* FirebaseCrashlytics */ = {
			isa = XCSwiftPackageProductDependency;
			package = 3F8567A42DC0C7F900DA5AE2 /* XCRemoteSwiftPackageReference "firebase-ios-sdk" */;
			productName = FirebaseCrashlytics;
		};
		3F8567B82DC0C81500DA5AE2 /* FirebaseDatabase */ = {
			isa = XCSwiftPackageProductDependency;
			package = 3F8567A42DC0C7F900DA5AE2 /* XCRemoteSwiftPackageReference "firebase-ios-sdk" */;
			productName = FirebaseDatabase;
		};
		3F8567BA2DC0C81500DA5AE2 /* FirebaseDynamicLinks */ = {
			isa = XCSwiftPackageProductDependency;
			package = 3F8567A42DC0C7F900DA5AE2 /* XCRemoteSwiftPackageReference "firebase-ios-sdk" */;
			productName = FirebaseDynamicLinks;
		};
		3F8567BC2DC0C81500DA5AE2 /* FirebaseFirestore */ = {
			isa = XCSwiftPackageProductDependency;
			package = 3F8567A42DC0C7F900DA5AE2 /* XCRemoteSwiftPackageReference "firebase-ios-sdk" */;
			productName = FirebaseFirestore;
		};
		3F8567BE2DC0C81500DA5AE2 /* FirebaseFirestoreCombine-Community */ = {
			isa = XCSwiftPackageProductDependency;
			package = 3F8567A42DC0C7F900DA5AE2 /* XCRemoteSwiftPackageReference "firebase-ios-sdk" */;
			productName = "FirebaseFirestoreCombine-Community";
		};
		3F8567C02DC0C81500DA5AE2 /* FirebaseFunctions */ = {
			isa = XCSwiftPackageProductDependency;
			package = 3F8567A42DC0C7F900DA5AE2 /* XCRemoteSwiftPackageReference "firebase-ios-sdk" */;
			productName = FirebaseFunctions;
		};
		3F8567C22DC0C81500DA5AE2 /* FirebaseFunctionsCombine-Community */ = {
			isa = XCSwiftPackageProductDependency;
			package = 3F8567A42DC0C7F900DA5AE2 /* XCRemoteSwiftPackageReference "firebase-ios-sdk" */;
			productName = "FirebaseFunctionsCombine-Community";
		};
		3F8567C42DC0C81500DA5AE2 /* FirebaseInAppMessaging-Beta */ = {
			isa = XCSwiftPackageProductDependency;
			package = 3F8567A42DC0C7F900DA5AE2 /* XCRemoteSwiftPackageReference "firebase-ios-sdk" */;
			productName = "FirebaseInAppMessaging-Beta";
		};
		3F8567C62DC0C81500DA5AE2 /* FirebaseInstallations */ = {
			isa = XCSwiftPackageProductDependency;
			package = 3F8567A42DC0C7F900DA5AE2 /* XCRemoteSwiftPackageReference "firebase-ios-sdk" */;
			productName = FirebaseInstallations;
		};
		3F8567C82DC0C81500DA5AE2 /* FirebaseMessaging */ = {
			isa = XCSwiftPackageProductDependency;
			package = 3F8567A42DC0C7F900DA5AE2 /* XCRemoteSwiftPackageReference "firebase-ios-sdk" */;
			productName = FirebaseMessaging;
		};
		3F8567CA2DC0C81500DA5AE2 /* FirebaseMLModelDownloader */ = {
			isa = XCSwiftPackageProductDependency;
			package = 3F8567A42DC0C7F900DA5AE2 /* XCRemoteSwiftPackageReference "firebase-ios-sdk" */;
			productName = FirebaseMLModelDownloader;
		};
		3F8567CC2DC0C81500DA5AE2 /* FirebasePerformance */ = {
			isa = XCSwiftPackageProductDependency;
			package = 3F8567A42DC0C7F900DA5AE2 /* XCRemoteSwiftPackageReference "firebase-ios-sdk" */;
			productName = FirebasePerformance;
		};
		3F8567CE2DC0C81500DA5AE2 /* FirebaseRemoteConfig */ = {
			isa = XCSwiftPackageProductDependency;
			package = 3F8567A42DC0C7F900DA5AE2 /* XCRemoteSwiftPackageReference "firebase-ios-sdk" */;
			productName = FirebaseRemoteConfig;
		};
		3F8567D02DC0C81500DA5AE2 /* FirebaseStorage */ = {
			isa = XCSwiftPackageProductDependency;
			package = 3F8567A42DC0C7F900DA5AE2 /* XCRemoteSwiftPackageReference "firebase-ios-sdk" */;
			productName = FirebaseStorage;
		};
		3F8567D22DC0C81500DA5AE2 /* FirebaseStorageCombine-Community */ = {
			isa = XCSwiftPackageProductDependency;
			package = 3F8567A42DC0C7F900DA5AE2 /* XCRemoteSwiftPackageReference "firebase-ios-sdk" */;
			productName = "FirebaseStorageCombine-Community";
		};
		3F8567D42DC0C81500DA5AE2 /* FirebaseVertexAI */ = {
			isa = XCSwiftPackageProductDependency;
			package = 3F8567A42DC0C7F900DA5AE2 /* XCRemoteSwiftPackageReference "firebase-ios-sdk" */;
			productName = FirebaseVertexAI;
		};
/* End XCSwiftPackageProductDependency section */
	};
	rootObject = 6726795B2DA04FB600E5B96F /* Project object */;
}
